
Microsoft Visual Studio Solution File, Format Version 12.00
# Visual Studio Version 17
VisualStudioVersion = 17.9.34728.123
MinimumVisualStudioVersion = 10.0.40219.1
Project("{FAE04EC0-301F-11D3-BF4B-00C04F79EFBC}") = "Assessments_KD", "Assessments_KD\Assessments_KD.csproj", "{3789CD38-BF60-401E-A6B5-27D7A055BEC4}"
EndProject
Global
	GlobalSection(SolutionConfigurationPlatforms) = preSolution
		Debug|Any CPU = Debug|Any CPU
		Release|Any CPU = Release|Any CPU
	EndGlobalSection
	GlobalSection(ProjectConfigurationPlatforms) = postSolution
		{3789CD38-BF60-401E-A6B5-27D7A055BEC4}.Debug|Any CPU.ActiveCfg = Debug|Any CPU
		{3789CD38-BF60-401E-A6B5-27D7A055BEC4}.Debug|Any CPU.Build.0 = Debug|Any CPU
		{3789CD38-BF60-401E-A6B5-27D7A055BEC4}.Release|Any CPU.ActiveCfg = Release|Any CPU
		{3789CD38-BF60-401E-A6B5-27D7A055BEC4}.Release|Any CPU.Build.0 = Release|Any CPU
	EndGlobalSection
	GlobalSection(SolutionProperties) = preSolution
		HideSolutionNode = FALSE
	EndGlobalSection
	GlobalSection(ExtensibilityGlobals) = postSolution
		SolutionGuid = {9FB83D7F-FF8B-420B-88F7-178FEE588289}
	EndGlobalSection
EndGlobal
