
Microsoft Visual Studio Solution File, Format Version 12.00
# Visual Studio Version 17
VisualStudioVersion = 17.9.34728.123
MinimumVisualStudioVersion = 10.0.40219.1
Project("{9A19103F-16F7-4668-BE54-9A1E7A4F7556}") = "CompanyEmployeesEbook", "CompanyEmployeesEbook.csproj", "{CC4797C5-81EB-4457-B228-6F4586501FD9}"
EndProject
Project("{FAE04EC0-301F-11D3-BF4B-00C04F79EFBC}") = "Contracts", "..\Contracts\Contracts.csproj", "{88B8C599-612A-4F5B-9110-D01DF7DEB19D}"
EndProject
Project("{FAE04EC0-301F-11D3-BF4B-00C04F79EFBC}") = "LoggerService", "..\LoggerService\LoggerService.csproj", "{0893510C-970A-4F36-B952-60A6B3D521BF}"
EndProject
Project("{FAE04EC0-301F-11D3-BF4B-00C04F79EFBC}") = "Entities", "..\Entities\Entities.csproj", "{B7769372-18C3-4D69-A2A3-ED5F104A9B24}"
EndProject
Project("{FAE04EC0-301F-11D3-BF4B-00C04F79EFBC}") = "Repository", "..\Repository\Repository.csproj", "{AC9BA87A-33FC-4258-BFA8-64E925F28E3F}"
EndProject
Global
	GlobalSection(SolutionConfigurationPlatforms) = preSolution
		Debug|Any CPU = Debug|Any CPU
		Release|Any CPU = Release|Any CPU
	EndGlobalSection
	GlobalSection(ProjectConfigurationPlatforms) = postSolution
		{CC4797C5-81EB-4457-B228-6F4586501FD9}.Debug|Any CPU.ActiveCfg = Debug|Any CPU
		{CC4797C5-81EB-4457-B228-6F4586501FD9}.Debug|Any CPU.Build.0 = Debug|Any CPU
		{CC4797C5-81EB-4457-B228-6F4586501FD9}.Release|Any CPU.ActiveCfg = Release|Any CPU
		{CC4797C5-81EB-4457-B228-6F4586501FD9}.Release|Any CPU.Build.0 = Release|Any CPU
		{88B8C599-612A-4F5B-9110-D01DF7DEB19D}.Debug|Any CPU.ActiveCfg = Debug|Any CPU
		{88B8C599-612A-4F5B-9110-D01DF7DEB19D}.Debug|Any CPU.Build.0 = Debug|Any CPU
		{88B8C599-612A-4F5B-9110-D01DF7DEB19D}.Release|Any CPU.ActiveCfg = Release|Any CPU
		{88B8C599-612A-4F5B-9110-D01DF7DEB19D}.Release|Any CPU.Build.0 = Release|Any CPU
		{0893510C-970A-4F36-B952-60A6B3D521BF}.Debug|Any CPU.ActiveCfg = Debug|Any CPU
		{0893510C-970A-4F36-B952-60A6B3D521BF}.Debug|Any CPU.Build.0 = Debug|Any CPU
		{0893510C-970A-4F36-B952-60A6B3D521BF}.Release|Any CPU.ActiveCfg = Release|Any CPU
		{0893510C-970A-4F36-B952-60A6B3D521BF}.Release|Any CPU.Build.0 = Release|Any CPU
		{B7769372-18C3-4D69-A2A3-ED5F104A9B24}.Debug|Any CPU.ActiveCfg = Debug|Any CPU
		{B7769372-18C3-4D69-A2A3-ED5F104A9B24}.Debug|Any CPU.Build.0 = Debug|Any CPU
		{B7769372-18C3-4D69-A2A3-ED5F104A9B24}.Release|Any CPU.ActiveCfg = Release|Any CPU
		{B7769372-18C3-4D69-A2A3-ED5F104A9B24}.Release|Any CPU.Build.0 = Release|Any CPU
		{AC9BA87A-33FC-4258-BFA8-64E925F28E3F}.Debug|Any CPU.ActiveCfg = Debug|Any CPU
		{AC9BA87A-33FC-4258-BFA8-64E925F28E3F}.Debug|Any CPU.Build.0 = Debug|Any CPU
		{AC9BA87A-33FC-4258-BFA8-64E925F28E3F}.Release|Any CPU.ActiveCfg = Release|Any CPU
		{AC9BA87A-33FC-4258-BFA8-64E925F28E3F}.Release|Any CPU.Build.0 = Release|Any CPU
	EndGlobalSection
	GlobalSection(SolutionProperties) = preSolution
		HideSolutionNode = FALSE
	EndGlobalSection
	GlobalSection(ExtensibilityGlobals) = postSolution
		SolutionGuid = {901748CB-4E09-480C-A6F8-1EC3C28F94B1}
	EndGlobalSection
EndGlobal
