
Microsoft Visual Studio Solution File, Format Version 12.00
# Visual Studio Version 17
VisualStudioVersion = 17.9.34728.123
MinimumVisualStudioVersion = 10.0.40219.1
Project("{9A19103F-16F7-4668-BE54-9A1E7A4F7556}") = "WorkingWithGenericsandCollections", "WorkingWithGenericsandCollections\WorkingWithGenericsandCollections.csproj", "{9398560F-DB54-4825-AEC4-D1675FDE11E2}"
EndProject
Project("{FAE04EC0-301F-11D3-BF4B-00C04F79EFBC}") = "Entity-Framework", "Entity-Framework\Entity-Framework.csproj", "{6F2A594E-798C-4496-93C0-53C2A2DAEA10}"
EndProject
Global
	GlobalSection(SolutionConfigurationPlatforms) = preSolution
		Debug|Any CPU = Debug|Any CPU
		Release|Any CPU = Release|Any CPU
	EndGlobalSection
	GlobalSection(ProjectConfigurationPlatforms) = postSolution
		{9398560F-DB54-4825-AEC4-D1675FDE11E2}.Debug|Any CPU.ActiveCfg = Debug|Any CPU
		{9398560F-DB54-4825-AEC4-D1675FDE11E2}.Debug|Any CPU.Build.0 = Debug|Any CPU
		{9398560F-DB54-4825-AEC4-D1675FDE11E2}.Release|Any CPU.ActiveCfg = Release|Any CPU
		{9398560F-DB54-4825-AEC4-D1675FDE11E2}.Release|Any CPU.Build.0 = Release|Any CPU
		{6F2A594E-798C-4496-93C0-53C2A2DAEA10}.Debug|Any CPU.ActiveCfg = Debug|Any CPU
		{6F2A594E-798C-4496-93C0-53C2A2DAEA10}.Debug|Any CPU.Build.0 = Debug|Any CPU
		{6F2A594E-798C-4496-93C0-53C2A2DAEA10}.Release|Any CPU.ActiveCfg = Release|Any CPU
		{6F2A594E-798C-4496-93C0-53C2A2DAEA10}.Release|Any CPU.Build.0 = Release|Any CPU
	EndGlobalSection
	GlobalSection(SolutionProperties) = preSolution
		HideSolutionNode = FALSE
	EndGlobalSection
	GlobalSection(ExtensibilityGlobals) = postSolution
		SolutionGuid = {E11509DF-EBCB-4243-B150-4465FE44FEDE}
	EndGlobalSection
EndGlobal
